
Microsoft Visual Studio Solution File, Format Version 12.00
# Visual Studio 2012
Project("{8BC9CEB8-8B4A-11D0-8D11-00A0C91BC942}") = "TinyTanks", "TinyTanks.vcxproj", "{51A6C928-837A-4DE1-BD4A-AC65A69BD227}"
EndProject
Project("{8BC9CEB8-8B4A-11D0-8D11-00A0C91BC942}") = "MathLib", "..\MathLib\MathLib\MathLib.vcxproj", "{B59A5D46-BC57-43AE-BD87-70EE3C10F172}"
EndProject
Global
	GlobalSection(SolutionConfigurationPlatforms) = preSolution
		Debug|Win32 = Debug|Win32
		Release|Win32 = Release|Win32
	EndGlobalSection
	GlobalSection(ProjectConfigurationPlatforms) = postSolution
		{51A6C928-837A-4DE1-BD4A-AC65A69BD227}.Debug|Win32.ActiveCfg = Debug|Win32
		{51A6C928-837A-4DE1-BD4A-AC65A69BD227}.Debug|Win32.Build.0 = Debug|Win32
		{51A6C928-837A-4DE1-BD4A-AC65A69BD227}.Release|Win32.ActiveCfg = Release|Win32
		{51A6C928-837A-4DE1-BD4A-AC65A69BD227}.Release|Win32.Build.0 = Release|Win32
		{B59A5D46-BC57-43AE-BD87-70EE3C10F172}.Debug|Win32.ActiveCfg = Debug|Win32
		{B59A5D46-BC57-43AE-BD87-70EE3C10F172}.Debug|Win32.Build.0 = Debug|Win32
		{B59A5D46-BC57-43AE-BD87-70EE3C10F172}.Release|Win32.ActiveCfg = Release|Win32
		{B59A5D46-BC57-43AE-BD87-70EE3C10F172}.Release|Win32.Build.0 = Release|Win32
	EndGlobalSection
	GlobalSection(SolutionProperties) = preSolution
		HideSolutionNode = FALSE
	EndGlobalSection
	GlobalSection(Performance) = preSolution
		HasPerformanceSessions = true
	EndGlobalSection
EndGlobal
