<?xml version="1.0" encoding="utf-8"?>
<Project ToolsVersion="4.0" xmlns="http://schemas.microsoft.com/developer/msbuild/2003">
  <ItemGroup>
    <Filter Include="Source Files">
      <UniqueIdentifier>{4FC737F1-C7A5-4376-A066-2A32D752A2FF}</UniqueIdentifier>
      <Extensions>cpp;c;cc;cxx;def;odl;idl;hpj;bat;asm;asmx</Extensions>
    </Filter>
    <Filter Include="Header Files">
      <UniqueIdentifier>{93995380-89BD-4b04-88EB-625FBE52EBFB}</UniqueIdentifier>
      <Extensions>h;hpp;hxx;hm;inl;inc;xsd</Extensions>
    </Filter>
    <Filter Include="Resource Files">
      <UniqueIdentifier>{67DA6AB6-F800-4c08-8B7A-83BB121AAD01}</UniqueIdentifier>
      <Extensions>rc;ico;cur;bmp;dlg;rc2;rct;bin;rgs;gif;jpg;jpeg;jpe;resx;tiff;tif;png;wav;mfcribbon-ms</Extensions>
    </Filter>
  </ItemGroup>
  <ItemGroup>
    <ClCompile Include="cpp\main.cpp">
      <Filter>Source Files</Filter>
    </ClCompile>
    <ClCompile Include="cpp\Game.cpp">
      <Filter>Source Files</Filter>
    </ClCompile>
    <ClCompile Include="cpp\lodepng.cpp">
      <Filter>Source Files</Filter>
    </ClCompile>
    <ClCompile Include="cpp\OpenGLInit.cpp">
      <Filter>Source Files</Filter>
    </ClCompile>
    <ClCompile Include="cpp\Texture.cpp">
      <Filter>Source Files</Filter>
    </ClCompile>
    <ClCompile Include="cpp\Actor.cpp">
      <Filter>Source Files</Filter>
    </ClCompile>
    <ClCompile Include="cpp\Node.cpp">
      <Filter>Source Files</Filter>
    </ClCompile>
    <ClCompile Include="cpp\SpriteBatch.cpp">
      <Filter>Source Files</Filter>
    </ClCompile>
    <ClCompile Include="cpp\PlayerTank.cpp">
      <Filter>Source Files</Filter>
    </ClCompile>
    <ClCompile Include="cpp\Bullet.cpp">
      <Filter>Source Files</Filter>
    </ClCompile>
    <ClCompile Include="cpp\State_Game.cpp">
      <Filter>Source Files</Filter>
    </ClCompile>
    <ClCompile Include="cpp\StateManager.cpp">
      <Filter>Source Files</Filter>
    </ClCompile>
    <ClCompile Include="cpp\Turret.cpp">
      <Filter>Source Files</Filter>
    </ClCompile>
    <ClCompile Include="cpp\ActorFactory.cpp">
      <Filter>Source Files</Filter>
    </ClCompile>
    <ClCompile Include="cpp\CollisionDector.cpp">
      <Filter>Source Files</Filter>
    </ClCompile>
    <ClCompile Include="cpp\Enemy.cpp">
      <Filter>Source Files</Filter>
    </ClCompile>
    <ClCompile Include="cpp\EnemyTurrret.cpp">
      <Filter>Source Files</Filter>
    </ClCompile>
    <ClCompile Include="cpp\TextureManager.cpp">
      <Filter>Source Files</Filter>
    </ClCompile>
  </ItemGroup>
  <ItemGroup>
    <ClInclude Include="header\Game.h">
      <Filter>Header Files</Filter>
    </ClInclude>
    <ClInclude Include="header\lodepng.h">
      <Filter>Header Files</Filter>
    </ClInclude>
    <ClInclude Include="header\OpenGLInit.h">
      <Filter>Header Files</Filter>
    </ClInclude>
    <ClInclude Include="header\Texture.h">
      <Filter>Header Files</Filter>
    </ClInclude>
    <ClInclude Include="header\Actor.h">
      <Filter>Header Files</Filter>
    </ClInclude>
    <ClInclude Include="header\Node.h">
      <Filter>Header Files</Filter>
    </ClInclude>
    <ClInclude Include="header\SpriteBatch.h">
      <Filter>Header Files</Filter>
    </ClInclude>
    <ClInclude Include="header\PlayerTank.h">
      <Filter>Header Files</Filter>
    </ClInclude>
    <ClInclude Include="header\Bullet.h">
      <Filter>Header Files</Filter>
    </ClInclude>
    <ClInclude Include="header\State_Game.h">
      <Filter>Header Files</Filter>
    </ClInclude>
    <ClInclude Include="header\StateManager.h">
      <Filter>Header Files</Filter>
    </ClInclude>
    <ClInclude Include="header\Turret.h">
      <Filter>Header Files</Filter>
    </ClInclude>
    <ClInclude Include="header\ActorFactory.h">
      <Filter>Header Files</Filter>
    </ClInclude>
    <ClInclude Include="header\CollisionDector.h">
      <Filter>Header Files</Filter>
    </ClInclude>
    <ClInclude Include="header\Enemy.h">
      <Filter>Header Files</Filter>
    </ClInclude>
    <ClInclude Include="header\EnemyTurrret.h">
      <Filter>Header Files</Filter>
    </ClInclude>
    <ClInclude Include="header\TextureManager.h">
      <Filter>Header Files</Filter>
    </ClInclude>
  </ItemGroup>
  <ItemGroup>
    <Image Include="content\images\crate_sideup256.png">
      <Filter>Resource Files</Filter>
    </Image>
  </ItemGroup>
  <ItemGroup>
    <None Include="shaders\FlatFragmentShader.glsl" />
    <None Include="shaders\TexturedFragmentShader.glsl" />
    <None Include="shaders\VertexShader.glsl" />
    <None Include="content\shaders\FlatFragmentShader.glsl" />
    <None Include="content\shaders\TexturedFragmentShader.glsl" />
    <None Include="content\shaders\VertexShader.glsl" />
    <None Include="content\shaders\TexturedVertexShader.glsl" />
    <None Include="content\shaders\textVertexShader.glsl" />
    <None Include="content\shaders\TextFragmentShader.glsl" />
  </ItemGroup>
</Project>